
Microsoft Visual Studio Solution File, Format Version 12.00
# Visual Studio Version 16
VisualStudioVersion = 16.0.30413.136
MinimumVisualStudioVersion = 10.0.40219.1
Project("{FAE04EC0-301F-11D3-BF4B-00C04F79EFBC}") = "While", "While.csproj", "{EC2288A3-D683-46A5-93EC-1F48B2B22C65}"
EndProject
Global
	GlobalSection(SolutionConfigurationPlatforms) = preSolution
		Debug|Any CPU = Debug|Any CPU
		Release|Any CPU = Release|Any CPU
	EndGlobalSection
	GlobalSection(ProjectConfigurationPlatforms) = postSolution
		{EC2288A3-D683-46A5-93EC-1F48B2B22C65}.Debug|Any CPU.ActiveCfg = Debug|Any CPU
		{EC2288A3-D683-46A5-93EC-1F48B2B22C65}.Debug|Any CPU.Build.0 = Debug|Any CPU
		{EC2288A3-D683-46A5-93EC-1F48B2B22C65}.Release|Any CPU.ActiveCfg = Release|Any CPU
		{EC2288A3-D683-46A5-93EC-1F48B2B22C65}.Release|Any CPU.Build.0 = Release|Any CPU
	EndGlobalSection
	GlobalSection(SolutionProperties) = preSolution
		HideSolutionNode = FALSE
	EndGlobalSection
	GlobalSection(ExtensibilityGlobals) = postSolution
		SolutionGuid = {DE84D574-FB60-4C8E-82B5-C34D37B8DB81}
	EndGlobalSection
EndGlobal
